
Microsoft Visual Studio Solution File, Format Version 12.00
# Visual Studio Version 16
VisualStudioVersion = 16.0.31424.327
MinimumVisualStudioVersion = 10.0.40219.1
Project("{FAE04EC0-301F-11D3-BF4B-00C04F79EFBC}") = "TareaSqliteMVVM.Android", "TareaSqliteMVVM\TareaSqliteMVVM.Android\TareaSqliteMVVM.Android.csproj", "{8BAF0B80-E902-4117-B099-791F9341C496}"
EndProject
Project("{FAE04EC0-301F-11D3-BF4B-00C04F79EFBC}") = "TareaSqliteMVVM", "TareaSqliteMVVM\TareaSqliteMVVM\TareaSqliteMVVM.csproj", "{9F3810F3-1FAF-49F8-96FD-ECC82BD7B7D4}"
EndProject
Global
	GlobalSection(SolutionConfigurationPlatforms) = preSolution
		Debug|Any CPU = Debug|Any CPU
		Release|Any CPU = Release|Any CPU
	EndGlobalSection
	GlobalSection(ProjectConfigurationPlatforms) = postSolution
		{8BAF0B80-E902-4117-B099-791F9341C496}.Debug|Any CPU.ActiveCfg = Debug|Any CPU
		{8BAF0B80-E902-4117-B099-791F9341C496}.Debug|Any CPU.Build.0 = Debug|Any CPU
		{8BAF0B80-E902-4117-B099-791F9341C496}.Debug|Any CPU.Deploy.0 = Debug|Any CPU
		{8BAF0B80-E902-4117-B099-791F9341C496}.Release|Any CPU.ActiveCfg = Release|Any CPU
		{8BAF0B80-E902-4117-B099-791F9341C496}.Release|Any CPU.Build.0 = Release|Any CPU
		{8BAF0B80-E902-4117-B099-791F9341C496}.Release|Any CPU.Deploy.0 = Release|Any CPU
		{9F3810F3-1FAF-49F8-96FD-ECC82BD7B7D4}.Debug|Any CPU.ActiveCfg = Debug|Any CPU
		{9F3810F3-1FAF-49F8-96FD-ECC82BD7B7D4}.Debug|Any CPU.Build.0 = Debug|Any CPU
		{9F3810F3-1FAF-49F8-96FD-ECC82BD7B7D4}.Debug|Any CPU.Deploy.0 = Debug|Any CPU
		{9F3810F3-1FAF-49F8-96FD-ECC82BD7B7D4}.Release|Any CPU.ActiveCfg = Release|Any CPU
		{9F3810F3-1FAF-49F8-96FD-ECC82BD7B7D4}.Release|Any CPU.Build.0 = Release|Any CPU
		{9F3810F3-1FAF-49F8-96FD-ECC82BD7B7D4}.Release|Any CPU.Deploy.0 = Release|Any CPU
	EndGlobalSection
	GlobalSection(SolutionProperties) = preSolution
		HideSolutionNode = FALSE
	EndGlobalSection
	GlobalSection(ExtensibilityGlobals) = postSolution
		SolutionGuid = {9E8DD762-B293-4103-B76E-03D97386D82C}
	EndGlobalSection
EndGlobal
